
Microsoft Visual Studio Solution File, Format Version 12.00
# Visual Studio Version 17
VisualStudioVersion = 17.14.36202.13 d17.14
MinimumVisualStudioVersion = 10.0.40219.1
Project("{FAE04EC0-301F-11D3-BF4B-00C04F79EFBC}") = "YnovPassword", "YnovPassword\YnovPassword.csproj", "{9AE5B831-F0C8-4208-8418-27D8B874EC4F}"
EndProject
Project("{FAE04EC0-301F-11D3-BF4B-00C04F79EFBC}") = "YnovPassword.Desktop", "YnovPassword.Desktop\YnovPassword.Desktop.csproj", "{57224E63-6007-6F25-7A4E-0A5A06E2A8AF}"
EndProject
Global
	GlobalSection(SolutionConfigurationPlatforms) = preSolution
		Debug|Any CPU = Debug|Any CPU
		Release|Any CPU = Release|Any CPU
	EndGlobalSection
	GlobalSection(ProjectConfigurationPlatforms) = postSolution
		{9AE5B831-F0C8-4208-8418-27D8B874EC4F}.Debug|Any CPU.ActiveCfg = Debug|Any CPU
		{9AE5B831-F0C8-4208-8418-27D8B874EC4F}.Debug|Any CPU.Build.0 = Debug|Any CPU
		{9AE5B831-F0C8-4208-8418-27D8B874EC4F}.Release|Any CPU.ActiveCfg = Release|Any CPU
		{9AE5B831-F0C8-4208-8418-27D8B874EC4F}.Release|Any CPU.Build.0 = Release|Any CPU
		{57224E63-6007-6F25-7A4E-0A5A06E2A8AF}.Debug|Any CPU.ActiveCfg = Debug|Any CPU
		{57224E63-6007-6F25-7A4E-0A5A06E2A8AF}.Debug|Any CPU.Build.0 = Debug|Any CPU
		{57224E63-6007-6F25-7A4E-0A5A06E2A8AF}.Release|Any CPU.ActiveCfg = Release|Any CPU
		{57224E63-6007-6F25-7A4E-0A5A06E2A8AF}.Release|Any CPU.Build.0 = Release|Any CPU
	EndGlobalSection
	GlobalSection(SolutionProperties) = preSolution
		HideSolutionNode = FALSE
	EndGlobalSection
	GlobalSection(ExtensibilityGlobals) = postSolution
		SolutionGuid = {785421C4-FDA2-4C8D-B305-1743630F57CB}
	EndGlobalSection
EndGlobal
